<?xml version="1.0" encoding="utf-8"?>
<Project ToolsVersion="4.0" xmlns="http://schemas.microsoft.com/developer/msbuild/2003">
  <ItemGroup>
    <Filter Include="Source Files">
      <UniqueIdentifier>{4FC737F1-C7A5-4376-A066-2A32D752A2FF}</UniqueIdentifier>
      <Extensions>cpp;c;cc;cxx;def;odl;idl;hpj;bat;asm;asmx</Extensions>
    </Filter>
    <Filter Include="Header Files">
      <UniqueIdentifier>{93995380-89BD-4b04-88EB-625FBE52EBFB}</UniqueIdentifier>
      <Extensions>h;hh;hpp;hxx;hm;inl;inc;xsd</Extensions>
    </Filter>
    <Filter Include="Resource Files">
      <UniqueIdentifier>{67DA6AB6-F800-4c08-8B7A-83BB121AAD01}</UniqueIdentifier>
      <Extensions>rc;ico;cur;bmp;dlg;rc2;rct;bin;rgs;gif;jpg;jpeg;jpe;resx;tiff;tif;png;wav;mfcribbon-ms</Extensions>
    </Filter>
    <Filter Include="Header Files\Mist_plugin-loader">
      <UniqueIdentifier>{ddbc368a-a59c-47a3-b182-febb3c8e9853}</UniqueIdentifier>
    </Filter>
    <Filter Include="Header Files\Mist_Common">
      <UniqueIdentifier>{5542af4b-f795-40f2-8519-ff207295674c}</UniqueIdentifier>
    </Filter>
    <Filter Include="Header Files\Systems">
      <UniqueIdentifier>{8ee0ccd3-9067-40d4-a09b-7ea9d09b254c}</UniqueIdentifier>
    </Filter>
    <Filter Include="Header Files\Utility">
      <UniqueIdentifier>{a0bf80ca-98a0-4a3e-a5eb-949af3d7c9ce}</UniqueIdentifier>
    </Filter>
  </ItemGroup>
  <ItemGroup>
    <ClInclude Include="..\..\Mist_common\include\ConfigMacros.h">
      <Filter>Header Files\Mist_Common</Filter>
    </ClInclude>
    <ClInclude Include="..\..\Mist_common\include\UtilityMacros.h">
      <Filter>Header Files\Mist_Common</Filter>
    </ClInclude>
    <ClInclude Include="..\..\Mist_plugin-loader\include\Plugin.h">
      <Filter>Header Files\Mist_plugin-loader</Filter>
    </ClInclude>
    <ClInclude Include="..\..\Mist_plugin-loader\include\PluginPlatform.h">
      <Filter>Header Files\Mist_plugin-loader</Filter>
    </ClInclude>
    <ClInclude Include="..\..\Include\Systems\ISystem.h">
      <Filter>Header Files\Systems</Filter>
    </ClInclude>
    <ClInclude Include="..\..\Include\Utility\INameable.h">
      <Filter>Header Files\Utility</Filter>
    </ClInclude>
    <ClInclude Include="..\..\Include\Systems\SystemProvider.h">
      <Filter>Header Files\Systems</Filter>
    </ClInclude>
    <ClInclude Include="..\..\Include\Systems\SystemCollection.h">
      <Filter>Header Files\Systems</Filter>
    </ClInclude>
  </ItemGroup>
  <ItemGroup>
    <ClCompile Include="..\..\Source\main.cpp">
      <Filter>Source Files</Filter>
    </ClCompile>
  </ItemGroup>
  <ItemGroup>
    <None Include="..\..\Mist_plugin-loader\include\WindowsPluginImpl.inl">
      <Filter>Header Files\Mist_plugin-loader</Filter>
    </None>
  </ItemGroup>
</Project>